// !$*UTF8*$!
{
	archiveVersion = 1;
	classes = {
	};
	objectVersion = 48;
	objects = {

/* Begin PBXBuildFile section */
		F5B0D2311FCEBB750021C5A3 /* AppDelegate.swift in Sources */ = {isa = PBXBuildFile; fileRef = F5B0D2301FCEBB740021C5A3 /* AppDelegate.swift */; };
		F5B0D2331FCEBB750021C5A3 /* ViewController.swift in Sources */ = {isa = PBXBuildFile; fileRef = F5B0D2321FCEBB750021C5A3 /* ViewController.swift */; };
		F5B0D2361FCEBB750021C5A3 /* Main.storyboard in Resources */ = {isa = PBXBuildFile; fileRef = F5B0D2341FCEBB750021C5A3 /* Main.storyboard */; };
		F5B0D2381FCEBB750021C5A3 /* Assets.xcassets in Resources */ = {isa = PBXBuildFile; fileRef = F5B0D2371FCEBB750021C5A3 /* Assets.xcassets */; };
		F5B0D23B1FCEBB750021C5A3 /* LaunchScreen.storyboard in Resources */ = {isa = PBXBuildFile; fileRef = F5B0D2391FCEBB750021C5A3 /* LaunchScreen.storyboard */; };
		F5B0D2441FCEBB800021C5A3 /* User.swift in Sources */ = {isa = PBXBuildFile; fileRef = F5B0D2421FCEBB7F0021C5A3 /* User.swift */; };
		F5B0D2451FCEBB800021C5A3 /* User_Deatil.swift in Sources */ = {isa = PBXBuildFile; fileRef = F5B0D2431FCEBB7F0021C5A3 /* User_Deatil.swift */; };
		F5B0D2611FCEC8D30021C5A3 /* Item.swift in Sources */ = {isa = PBXBuildFile; fileRef = F5B0D2601FCEC8D30021C5A3 /* Item.swift */; };
/* End PBXBuildFile section */

/* Begin PBXFileReference section */
		F5B0D22D1FCEBB740021C5A3 /* UserEntity.app */ = {isa = PBXFileReference; explicitFileType = wrapper.application; includeInIndex = 0; path = UserEntity.app; sourceTree = BUILT_PRODUCTS_DIR; };
		F5B0D2301FCEBB740021C5A3 /* AppDelegate.swift */ = {isa = PBXFileReference; lastKnownFileType = sourcecode.swift; path = AppDelegate.swift; sourceTree = "<group>"; };
		F5B0D2321FCEBB750021C5A3 /* ViewController.swift */ = {isa = PBXFileReference; lastKnownFileType = sourcecode.swift; path = ViewController.swift; sourceTree = "<group>"; };
		F5B0D2351FCEBB750021C5A3 /* Base */ = {isa = PBXFileReference; lastKnownFileType = file.storyboard; name = Base; path = Base.lproj/Main.storyboard; sourceTree = "<group>"; };
		F5B0D2371FCEBB750021C5A3 /* Assets.xcassets */ = {isa = PBXFileReference; lastKnownFileType = folder.assetcatalog; path = Assets.xcassets; sourceTree = "<group>"; };
		F5B0D23A1FCEBB750021C5A3 /* Base */ = {isa = PBXFileReference; lastKnownFileType = file.storyboard; name = Base; path = Base.lproj/LaunchScreen.storyboard; sourceTree = "<group>"; };
		F5B0D23C1FCEBB750021C5A3 /* Info.plist */ = {isa = PBXFileReference; lastKnownFileType = text.plist.xml; path = Info.plist; sourceTree = "<group>"; };
		F5B0D2421FCEBB7F0021C5A3 /* User.swift */ = {isa = PBXFileReference; fileEncoding = 4; lastKnownFileType = sourcecode.swift; path = User.swift; sourceTree = "<group>"; };
		F5B0D2431FCEBB7F0021C5A3 /* User_Deatil.swift */ = {isa = PBXFileReference; fileEncoding = 4; lastKnownFileType = sourcecode.swift; path = User_Deatil.swift; sourceTree = "<group>"; };
		F5B0D2601FCEC8D30021C5A3 /* Item.swift */ = {isa = PBXFileReference; lastKnownFileType = sourcecode.swift; path = Item.swift; sourceTree = "<group>"; };
/* End PBXFileReference section */

/* Begin PBXFrameworksBuildPhase section */
		F5B0D22A1FCEBB740021C5A3 /* Frameworks */ = {
			isa = PBXFrameworksBuildPhase;
			buildActionMask = 2147483647;
			files = (
			);
			runOnlyForDeploymentPostprocessing = 0;
		};
/* End PBXFrameworksBuildPhase section */

/* Begin PBXGroup section */
		F5B0D2241FCEBB740021C5A3 = {
			isa = PBXGroup;
			children = (
				F5B0D22F1FCEBB740021C5A3 /* UserEntity */,
				F5B0D22E1FCEBB740021C5A3 /* Products */,
			);
			sourceTree = "<group>";
		};
		F5B0D22E1FCEBB740021C5A3 /* Products */ = {
			isa = PBXGroup;
			children = (
				F5B0D22D1FCEBB740021C5A3 /* UserEntity.app */,
			);
			name = Products;
			sourceTree = "<group>";
		};
		F5B0D22F1FCEBB740021C5A3 /* UserEntity */ = {
			isa = PBXGroup;
			children = (
				F5B0D2301FCEBB740021C5A3 /* AppDelegate.swift */,
				F5B0D2321FCEBB750021C5A3 /* ViewController.swift */,
				F5B0D24D1FCEBBB60021C5A3 /* UserEntity */,
				F5B0D2341FCEBB750021C5A3 /* Main.storyboard */,
				F5B0D2371FCEBB750021C5A3 /* Assets.xcassets */,
				F5B0D2391FCEBB750021C5A3 /* LaunchScreen.storyboard */,
				F5B0D23C1FCEBB750021C5A3 /* Info.plist */,
			);
			path = UserEntity;
			sourceTree = "<group>";
		};
		F5B0D24D1FCEBBB60021C5A3 /* UserEntity */ = {
			isa = PBXGroup;
			children = (
				F5B0D2421FCEBB7F0021C5A3 /* User.swift */,
				F5B0D2431FCEBB7F0021C5A3 /* User_Deatil.swift */,
				F5B0D2601FCEC8D30021C5A3 /* Item.swift */,
			);
			path = UserEntity;
			sourceTree = "<group>";
		};
/* End PBXGroup section */

/* Begin PBXNativeTarget section */
		F5B0D22C1FCEBB740021C5A3 /* UserEntity */ = {
			isa = PBXNativeTarget;
			buildConfigurationList = F5B0D23F1FCEBB750021C5A3 /* Build configuration list for PBXNativeTarget "UserEntity" */;
			buildPhases = (
				F5B0D2291FCEBB740021C5A3 /* Sources */,
				F5B0D22A1FCEBB740021C5A3 /* Frameworks */,
				F5B0D22B1FCEBB740021C5A3 /* Resources */,
			);
			buildRules = (
			);
			dependencies = (
			);
			name = UserEntity;
			productName = UserEntity;
			productReference = F5B0D22D1FCEBB740021C5A3 /* UserEntity.app */;
			productType = "com.apple.product-type.application";
		};
/* End PBXNativeTarget section */

/* Begin PBXProject section */
		F5B0D2251FCEBB740021C5A3 /* Project object */ = {
			isa = PBXProject;
			attributes = {
				LastSwiftUpdateCheck = 0910;
				LastUpgradeCheck = 0910;
				ORGANIZATIONNAME = MaDonRa;
				TargetAttributes = {
					F5B0D22C1FCEBB740021C5A3 = {
						CreatedOnToolsVersion = 9.1;
						ProvisioningStyle = Automatic;
					};
				};
			};
			buildConfigurationList = F5B0D2281FCEBB740021C5A3 /* Build configuration list for PBXProject "UserEntity" */;
			compatibilityVersion = "Xcode 8.0";
			developmentRegion = en;
			hasScannedForEncodings = 0;
			knownRegions = (
				en,
				Base,
			);
			mainGroup = F5B0D2241FCEBB740021C5A3;
			productRefGroup = F5B0D22E1FCEBB740021C5A3 /* Products */;
			projectDirPath = "";
			projectRoot = "";
			targets = (
				F5B0D22C1FCEBB740021C5A3 /* UserEntity */,
			);
		};
/* End PBXProject section */

/* Begin PBXResourcesBuildPhase section */
		F5B0D22B1FCEBB740021C5A3 /* Resources */ = {
			isa = PBXResourcesBuildPhase;
			buildActionMask = 2147483647;
			files = (
				F5B0D23B1FCEBB750021C5A3 /* LaunchScreen.storyboard in Resources */,
				F5B0D2381FCEBB750021C5A3 /* Assets.xcassets in Resources */,
				F5B0D2361FCEBB750021C5A3 /* Main.storyboard in Resources */,
			);
			runOnlyForDeploymentPostprocessing = 0;
		};
/* End PBXResourcesBuildPhase section */

/* Begin PBXSourcesBuildPhase section */
		F5B0D2291FCEBB740021C5A3 /* Sources */ = {
			isa = PBXSourcesBuildPhase;
			buildActionMask = 2147483647;
			files = (
				F5B0D2611FCEC8D30021C5A3 /* Item.swift in Sources */,
				F5B0D2331FCEBB750021C5A3 /* ViewController.swift in Sources */,
				F5B0D2451FCEBB800021C5A3 /* User_Deatil.swift in Sources */,
				F5B0D2311FCEBB750021C5A3 /* AppDelegate.swift in Sources */,
				F5B0D2441FCEBB800021C5A3 /* User.swift in Sources */,
			);
			runOnlyForDeploymentPostprocessing = 0;
		};
/* End PBXSourcesBuildPhase section */

/* Begin PBXVariantGroup section */
		F5B0D2341FCEBB750021C5A3 /* Main.storyboard */ = {
			isa = PBXVariantGroup;
			children = (
				F5B0D2351FCEBB750021C5A3 /* Base */,
			);
			name = Main.storyboard;
			sourceTree = "<group>";
		};
		F5B0D2391FCEBB750021C5A3 /* LaunchScreen.storyboard */ = {
			isa = PBXVariantGroup;
			children = (
				F5B0D23A1FCEBB750021C5A3 /* Base */,
			);
			name = LaunchScreen.storyboard;
			sourceTree = "<group>";
		};
/* End PBXVariantGroup section */

/* Begin XCBuildConfiguration section */
		F5B0D23D1FCEBB750021C5A3 /* Debug */ = {
			isa = XCBuildConfiguration;
			buildSettings = {
				ALWAYS_SEARCH_USER_PATHS = NO;
				CLANG_ANALYZER_NONNULL = YES;
				CLANG_ANALYZER_NUMBER_OBJECT_CONVERSION = YES_AGGRESSIVE;
				CLANG_CXX_LANGUAGE_STANDARD = "gnu++14";
				CLANG_CXX_LIBRARY = "libc++";
				CLANG_ENABLE_MODULES = YES;
				CLANG_ENABLE_OBJC_ARC = YES;
				CLANG_WARN_BLOCK_CAPTURE_AUTORELEASING = YES;
				CLANG_WARN_BOOL_CONVERSION = YES;
				CLANG_WARN_COMMA = YES;
				CLANG_WARN_CONSTANT_CONVERSION = YES;
				CLANG_WARN_DIRECT_OBJC_ISA_USAGE = YES_ERROR;
				CLANG_WARN_DOCUMENTATION_COMMENTS = YES;
				CLANG_WARN_EMPTY_BODY = YES;
				CLANG_WARN_ENUM_CONVERSION = YES;
				CLANG_WARN_INFINITE_RECURSION = YES;
				CLANG_WARN_INT_CONVERSION = YES;
				CLANG_WARN_NON_LITERAL_NULL_CONVERSION = YES;
				CLANG_WARN_OBJC_LITERAL_CONVERSION = YES;
				CLANG_WARN_OBJC_ROOT_CLASS = YES_ERROR;
				CLANG_WARN_RANGE_LOOP_ANALYSIS = YES;
				CLANG_WARN_STRICT_PROTOTYPES = YES;
				CLANG_WARN_SUSPICIOUS_MOVE = YES;
				CLANG_WARN_UNGUARDED_AVAILABILITY = YES_AGGRESSIVE;
				CLANG_WARN_UNREACHABLE_CODE = YES;
				CLANG_WARN__DUPLICATE_METHOD_MATCH = YES;
				CODE_SIGN_IDENTITY = "iPhone Developer";
				COPY_PHASE_STRIP = NO;
				DEBUG_INFORMATION_FORMAT = dwarf;
				ENABLE_STRICT_OBJC_MSGSEND = YES;
				ENABLE_TESTABILITY = YES;
				GCC_C_LANGUAGE_STANDARD = gnu11;
				GCC_DYNAMIC_NO_PIC = NO;
				GCC_NO_COMMON_BLOCKS = YES;
				GCC_OPTIMIZATION_LEVEL = 0;
				GCC_PREPROCESSOR_DEFINITIONS = (
					"DEBUG=1",
					"$(inherited)",
				);
				GCC_WARN_64_TO_32_BIT_CONVERSION = YES;
				GCC_WARN_ABOUT_RETURN_TYPE = YES_ERROR;
				GCC_WARN_UNDECLARED_SELECTOR = YES;
				GCC_WARN_UNINITIALIZED_AUTOS = YES_AGGRESSIVE;
				GCC_WARN_UNUSED_FUNCTION = YES;
				GCC_WARN_UNUSED_VARIABLE = YES;
				IPHONEOS_DEPLOYMENT_TARGET = 11.1;
				MTL_ENABLE_DEBUG_INFO = YES;
				ONLY_ACTIVE_ARCH = YES;
				SDKROOT = iphoneos;
				SWIFT_ACTIVE_COMPILATION_CONDITIONS = DEBUG;
				SWIFT_OPTIMIZATION_LEVEL = "-Onone";
			};
			name = Debug;
		};
		F5B0D23E1FCEBB750021C5A3 /* Release */ = {
			isa = XCBuildConfiguration;
			buildSettings = {
				ALWAYS_SEARCH_USER_PATHS = NO;
				CLANG_ANALYZER_NONNULL = YES;
				CLANG_ANALYZER_NUMBER_OBJECT_CONVERSION = YES_AGGRESSIVE;
				CLANG_CXX_LANGUAGE_STANDARD = "gnu++14";
				CLANG_CXX_LIBRARY = "libc++";
				CLANG_ENABLE_MODULES = YES;
				CLANG_ENABLE_OBJC_ARC = YES;
				CLANG_WARN_BLOCK_CAPTURE_AUTORELEASING = YES;
				CLANG_WARN_BOOL_CONVERSION = YES;
				CLANG_WARN_COMMA = YES;
				CLANG_WARN_CONSTANT_CONVERSION = YES;
				CLANG_WARN_DIRECT_OBJC_ISA_USAGE = YES_ERROR;
				CLANG_WARN_DOCUMENTATION_COMMENTS = YES;
				CLANG_WARN_EMPTY_BODY = YES;
				CLANG_WARN_ENUM_CONVERSION = YES;
				CLANG_WARN_INFINITE_RECURSION = YES;
				CLANG_WARN_INT_CONVERSION = YES;
				CLANG_WARN_NON_LITERAL_NULL_CONVERSION = YES;
				CLANG_WARN_OBJC_LITERAL_CONVERSION = YES;
				CLANG_WARN_OBJC_ROOT_CLASS = YES_ERROR;
				CLANG_WARN_RANGE_LOOP_ANALYSIS = YES;
				CLANG_WARN_STRICT_PROTOTYPES = YES;
				CLANG_WARN_SUSPICIOUS_MOVE = YES;
				CLANG_WARN_UNGUARDED_AVAILABILITY = YES_AGGRESSIVE;
				CLANG_WARN_UNREACHABLE_CODE = YES;
				CLANG_WARN__DUPLICATE_METHOD_MATCH = YES;
				CODE_SIGN_IDENTITY = "iPhone Developer";
				COPY_PHASE_STRIP = NO;
				DEBUG_INFORMATION_FORMAT = "dwarf-with-dsym";
				ENABLE_NS_ASSERTIONS = NO;
				ENABLE_STRICT_OBJC_MSGSEND = YES;
				GCC_C_LANGUAGE_STANDARD = gnu11;
				GCC_NO_COMMON_BLOCKS = YES;
				GCC_WARN_64_TO_32_BIT_CONVERSION = YES;
				GCC_WARN_ABOUT_RETURN_TYPE = YES_ERROR;
				GCC_WARN_UNDECLARED_SELECTOR = YES;
				GCC_WARN_UNINITIALIZED_AUTOS = YES_AGGRESSIVE;
				GCC_WARN_UNUSED_FUNCTION = YES;
				GCC_WARN_UNUSED_VARIABLE = YES;
				IPHONEOS_DEPLOYMENT_TARGET = 11.1;
				MTL_ENABLE_DEBUG_INFO = NO;
				SDKROOT = iphoneos;
				SWIFT_OPTIMIZATION_LEVEL = "-Owholemodule";
				VALIDATE_PRODUCT = YES;
			};
			name = Release;
		};
		F5B0D2401FCEBB750021C5A3 /* Debug */ = {
			isa = XCBuildConfiguration;
			buildSettings = {
				ASSETCATALOG_COMPILER_APPICON_NAME = AppIcon;
				CODE_SIGN_STYLE = Automatic;
				DEVELOPMENT_TEAM = 897VFWUGPC;
				INFOPLIST_FILE = UserEntity/Info.plist;
				LD_RUNPATH_SEARCH_PATHS = "$(inherited) @executable_path/Frameworks";
				PRODUCT_BUNDLE_IDENTIFIER = com.MaDonRa.UserEntity;
				PRODUCT_NAME = "$(TARGET_NAME)";
				SWIFT_VERSION = 4.0;
				TARGETED_DEVICE_FAMILY = "1,2";
			};
			name = Debug;
		};
		F5B0D2411FCEBB750021C5A3 /* Release */ = {
			isa = XCBuildConfiguration;
			buildSettings = {
				ASSETCATALOG_COMPILER_APPICON_NAME = AppIcon;
				CODE_SIGN_STYLE = Automatic;
				DEVELOPMENT_TEAM = 897VFWUGPC;
				INFOPLIST_FILE = UserEntity/Info.plist;
				LD_RUNPATH_SEARCH_PATHS = "$(inherited) @executable_path/Frameworks";
				PRODUCT_BUNDLE_IDENTIFIER = com.MaDonRa.UserEntity;
				PRODUCT_NAME = "$(TARGET_NAME)";
				SWIFT_VERSION = 4.0;
				TARGETED_DEVICE_FAMILY = "1,2";
			};
			name = Release;
		};
/* End XCBuildConfiguration section */

/* Begin XCConfigurationList section */
		F5B0D2281FCEBB740021C5A3 /* Build configuration list for PBXProject "UserEntity" */ = {
			isa = XCConfigurationList;
			buildConfigurations = (
				F5B0D23D1FCEBB750021C5A3 /* Debug */,
				F5B0D23E1FCEBB750021C5A3 /* Release */,
			);
			defaultConfigurationIsVisible = 0;
			defaultConfigurationName = Release;
		};
		F5B0D23F1FCEBB750021C5A3 /* Build configuration list for PBXNativeTarget "UserEntity" */ = {
			isa = XCConfigurationList;
			buildConfigurations = (
				F5B0D2401FCEBB750021C5A3 /* Debug */,
				F5B0D2411FCEBB750021C5A3 /* Release */,
			);
			defaultConfigurationIsVisible = 0;
			defaultConfigurationName = Release;
		};
/* End XCConfigurationList section */
	};
	rootObject = F5B0D2251FCEBB740021C5A3 /* Project object */;
}
